
Microsoft Visual Studio Solution File, Format Version 12.00
# Visual Studio Version 17
VisualStudioVersion = 17.5.33627.172
MinimumVisualStudioVersion = 10.0.40219.1
Project("{FAE04EC0-301F-11D3-BF4B-00C04F79EFBC}") = "Projekat", "Projekat\Projekat.csproj", "{541CDFF1-45CF-422B-B7AB-0D4EB2F4E06C}"
EndProject
Global
	GlobalSection(SolutionConfigurationPlatforms) = preSolution
		Debug|Any CPU = Debug|Any CPU
		Release|Any CPU = Release|Any CPU
	EndGlobalSection
	GlobalSection(ProjectConfigurationPlatforms) = postSolution
		{541CDFF1-45CF-422B-B7AB-0D4EB2F4E06C}.Debug|Any CPU.ActiveCfg = Debug|Any CPU
		{541CDFF1-45CF-422B-B7AB-0D4EB2F4E06C}.Debug|Any CPU.Build.0 = Debug|Any CPU
		{541CDFF1-45CF-422B-B7AB-0D4EB2F4E06C}.Release|Any CPU.ActiveCfg = Release|Any CPU
		{541CDFF1-45CF-422B-B7AB-0D4EB2F4E06C}.Release|Any CPU.Build.0 = Release|Any CPU
	EndGlobalSection
	GlobalSection(SolutionProperties) = preSolution
		HideSolutionNode = FALSE
	EndGlobalSection
	GlobalSection(ExtensibilityGlobals) = postSolution
		SolutionGuid = {A672C57E-AF93-42DE-ABD3-46A797745614}
	EndGlobalSection
EndGlobal
